// !$*UTF8*$!
{
	archiveVersion = 1;
	classes = {
	};
	objectVersion = 56;
	objects = {

/* Begin PBXBuildFile section */
		4B720F67870C8BEC80F7EA83 /* Pods_Camera_ProjectTests.framework in Frameworks */ = {isa = PBXBuildFile; fileRef = F6865A5988184CD94BDBBEC4 /* Pods_Camera_ProjectTests.framework */; };
		5169174E29416BC500E0F0E8 /* MainViewController.swift in Sources */ = {isa = PBXBuildFile; fileRef = 5169174D29416BC500E0F0E8 /* MainViewController.swift */; };
		516FEA412941868800EDAE85 /* ImageCell.swift in Sources */ = {isa = PBXBuildFile; fileRef = 516FEA402941868800EDAE85 /* ImageCell.swift */; };
		518927322936BD57007AFCA2 /* AppDelegate.swift in Sources */ = {isa = PBXBuildFile; fileRef = 518927312936BD57007AFCA2 /* AppDelegate.swift */; };
		518927342936BD57007AFCA2 /* SceneDelegate.swift in Sources */ = {isa = PBXBuildFile; fileRef = 518927332936BD57007AFCA2 /* SceneDelegate.swift */; };
		518927392936BD57007AFCA2 /* Main.storyboard in Resources */ = {isa = PBXBuildFile; fileRef = 518927372936BD57007AFCA2 /* Main.storyboard */; };
		5189273B2936BD59007AFCA2 /* Assets.xcassets in Resources */ = {isa = PBXBuildFile; fileRef = 5189273A2936BD59007AFCA2 /* Assets.xcassets */; };
		5189273E2936BD59007AFCA2 /* LaunchScreen.storyboard in Resources */ = {isa = PBXBuildFile; fileRef = 5189273C2936BD59007AFCA2 /* LaunchScreen.storyboard */; };
		518927492936BD5A007AFCA2 /* Camera_ProjectTests.swift in Sources */ = {isa = PBXBuildFile; fileRef = 518927482936BD5A007AFCA2 /* Camera_ProjectTests.swift */; };
		518927532936BD5A007AFCA2 /* Camera_ProjectUITests.swift in Sources */ = {isa = PBXBuildFile; fileRef = 518927522936BD5A007AFCA2 /* Camera_ProjectUITests.swift */; };
		518927552936BD5A007AFCA2 /* Camera_ProjectUITestsLaunchTests.swift in Sources */ = {isa = PBXBuildFile; fileRef = 518927542936BD5A007AFCA2 /* Camera_ProjectUITestsLaunchTests.swift */; };
		AC84BB41C594AD5CFB2C81B7 /* Pods_Camera_Project.framework in Frameworks */ = {isa = PBXBuildFile; fileRef = 24FB9B6AF7ACFC578E93ADE7 /* Pods_Camera_Project.framework */; };
		C742F1C629423AB900D6B32D /* CameraViewController.swift in Sources */ = {isa = PBXBuildFile; fileRef = C742F1C529423AB900D6B32D /* CameraViewController.swift */; };
		C789D46729417A8200560AB9 /* Snapshot.swift in Sources */ = {isa = PBXBuildFile; fileRef = C789D46629417A8200560AB9 /* Snapshot.swift */; };
		FFCC45685C361B3762097393 /* Pods_Camera_Project_Camera_ProjectUITests.framework in Frameworks */ = {isa = PBXBuildFile; fileRef = B15550B48D099F1ADDCC93BA /* Pods_Camera_Project_Camera_ProjectUITests.framework */; };
/* End PBXBuildFile section */

/* Begin PBXContainerItemProxy section */
		518927452936BD5A007AFCA2 /* PBXContainerItemProxy */ = {
			isa = PBXContainerItemProxy;
			containerPortal = 518927262936BD57007AFCA2 /* Project object */;
			proxyType = 1;
			remoteGlobalIDString = 5189272D2936BD57007AFCA2;
			remoteInfo = "Camera Project";
		};
		5189274F2936BD5A007AFCA2 /* PBXContainerItemProxy */ = {
			isa = PBXContainerItemProxy;
			containerPortal = 518927262936BD57007AFCA2 /* Project object */;
			proxyType = 1;
			remoteGlobalIDString = 5189272D2936BD57007AFCA2;
			remoteInfo = "Camera Project";
		};
/* End PBXContainerItemProxy section */

/* Begin PBXFileReference section */
		24FB9B6AF7ACFC578E93ADE7 /* Pods_Camera_Project.framework */ = {isa = PBXFileReference; explicitFileType = wrapper.framework; includeInIndex = 0; path = Pods_Camera_Project.framework; sourceTree = BUILT_PRODUCTS_DIR; };
		29F852ED1AB5603A81DC15A5 /* Pods-Camera Project.debug.xcconfig */ = {isa = PBXFileReference; includeInIndex = 1; lastKnownFileType = text.xcconfig; name = "Pods-Camera Project.debug.xcconfig"; path = "Target Support Files/Pods-Camera Project/Pods-Camera Project.debug.xcconfig"; sourceTree = "<group>"; };
		2BB23FCBB3D82921A611186D /* Pods-Camera ProjectTests.debug.xcconfig */ = {isa = PBXFileReference; includeInIndex = 1; lastKnownFileType = text.xcconfig; name = "Pods-Camera ProjectTests.debug.xcconfig"; path = "Target Support Files/Pods-Camera ProjectTests/Pods-Camera ProjectTests.debug.xcconfig"; sourceTree = "<group>"; };
		48A6D42A51DED7244F21162E /* Pods-Camera Project.release.xcconfig */ = {isa = PBXFileReference; includeInIndex = 1; lastKnownFileType = text.xcconfig; name = "Pods-Camera Project.release.xcconfig"; path = "Target Support Files/Pods-Camera Project/Pods-Camera Project.release.xcconfig"; sourceTree = "<group>"; };
		5169174D29416BC500E0F0E8 /* MainViewController.swift */ = {isa = PBXFileReference; lastKnownFileType = sourcecode.swift; path = MainViewController.swift; sourceTree = "<group>"; };
		516FEA3029417E7A00EDAE85 /* Info.plist */ = {isa = PBXFileReference; fileEncoding = 4; lastKnownFileType = text.plist.xml; path = Info.plist; sourceTree = "<group>"; };
		516FEA402941868800EDAE85 /* ImageCell.swift */ = {isa = PBXFileReference; lastKnownFileType = sourcecode.swift; path = ImageCell.swift; sourceTree = "<group>"; };
		5189272E2936BD57007AFCA2 /* Camera Project.app */ = {isa = PBXFileReference; explicitFileType = wrapper.application; includeInIndex = 0; path = "Camera Project.app"; sourceTree = BUILT_PRODUCTS_DIR; };
		518927312936BD57007AFCA2 /* AppDelegate.swift */ = {isa = PBXFileReference; lastKnownFileType = sourcecode.swift; path = AppDelegate.swift; sourceTree = "<group>"; };
		518927332936BD57007AFCA2 /* SceneDelegate.swift */ = {isa = PBXFileReference; lastKnownFileType = sourcecode.swift; path = SceneDelegate.swift; sourceTree = "<group>"; };
		518927382936BD57007AFCA2 /* Base */ = {isa = PBXFileReference; lastKnownFileType = file.storyboard; name = Base; path = Base.lproj/Main.storyboard; sourceTree = "<group>"; };
		5189273A2936BD59007AFCA2 /* Assets.xcassets */ = {isa = PBXFileReference; lastKnownFileType = folder.assetcatalog; path = Assets.xcassets; sourceTree = "<group>"; };
		5189273D2936BD59007AFCA2 /* Base */ = {isa = PBXFileReference; lastKnownFileType = file.storyboard; name = Base; path = Base.lproj/LaunchScreen.storyboard; sourceTree = "<group>"; };
		518927442936BD5A007AFCA2 /* Camera ProjectTests.xctest */ = {isa = PBXFileReference; explicitFileType = wrapper.cfbundle; includeInIndex = 0; path = "Camera ProjectTests.xctest"; sourceTree = BUILT_PRODUCTS_DIR; };
		518927482936BD5A007AFCA2 /* Camera_ProjectTests.swift */ = {isa = PBXFileReference; lastKnownFileType = sourcecode.swift; path = Camera_ProjectTests.swift; sourceTree = "<group>"; };
		5189274E2936BD5A007AFCA2 /* Camera ProjectUITests.xctest */ = {isa = PBXFileReference; explicitFileType = wrapper.cfbundle; includeInIndex = 0; path = "Camera ProjectUITests.xctest"; sourceTree = BUILT_PRODUCTS_DIR; };
		518927522936BD5A007AFCA2 /* Camera_ProjectUITests.swift */ = {isa = PBXFileReference; lastKnownFileType = sourcecode.swift; path = Camera_ProjectUITests.swift; sourceTree = "<group>"; };
		518927542936BD5A007AFCA2 /* Camera_ProjectUITestsLaunchTests.swift */ = {isa = PBXFileReference; lastKnownFileType = sourcecode.swift; path = Camera_ProjectUITestsLaunchTests.swift; sourceTree = "<group>"; };
		7250623ECAC46FF29BF31637 /* Pods-Camera Project-Camera ProjectUITests.debug.xcconfig */ = {isa = PBXFileReference; includeInIndex = 1; lastKnownFileType = text.xcconfig; name = "Pods-Camera Project-Camera ProjectUITests.debug.xcconfig"; path = "Target Support Files/Pods-Camera Project-Camera ProjectUITests/Pods-Camera Project-Camera ProjectUITests.debug.xcconfig"; sourceTree = "<group>"; };
		8ED2F55EB92D0A64919DF1E3 /* Pods-Camera ProjectTests.release.xcconfig */ = {isa = PBXFileReference; includeInIndex = 1; lastKnownFileType = text.xcconfig; name = "Pods-Camera ProjectTests.release.xcconfig"; path = "Target Support Files/Pods-Camera ProjectTests/Pods-Camera ProjectTests.release.xcconfig"; sourceTree = "<group>"; };
		932467A259EDDFF612FC88B6 /* Pods-Camera Project-Camera ProjectUITests.release.xcconfig */ = {isa = PBXFileReference; includeInIndex = 1; lastKnownFileType = text.xcconfig; name = "Pods-Camera Project-Camera ProjectUITests.release.xcconfig"; path = "Target Support Files/Pods-Camera Project-Camera ProjectUITests/Pods-Camera Project-Camera ProjectUITests.release.xcconfig"; sourceTree = "<group>"; };
		B15550B48D099F1ADDCC93BA /* Pods_Camera_Project_Camera_ProjectUITests.framework */ = {isa = PBXFileReference; explicitFileType = wrapper.framework; includeInIndex = 0; path = Pods_Camera_Project_Camera_ProjectUITests.framework; sourceTree = BUILT_PRODUCTS_DIR; };
		C742F1C529423AB900D6B32D /* CameraViewController.swift */ = {isa = PBXFileReference; lastKnownFileType = sourcecode.swift; path = CameraViewController.swift; sourceTree = "<group>"; };
		C789D46629417A8200560AB9 /* Snapshot.swift */ = {isa = PBXFileReference; lastKnownFileType = sourcecode.swift; path = Snapshot.swift; sourceTree = "<group>"; };
		F6865A5988184CD94BDBBEC4 /* Pods_Camera_ProjectTests.framework */ = {isa = PBXFileReference; explicitFileType = wrapper.framework; includeInIndex = 0; path = Pods_Camera_ProjectTests.framework; sourceTree = BUILT_PRODUCTS_DIR; };
/* End PBXFileReference section */

/* Begin PBXFrameworksBuildPhase section */
		5189272B2936BD57007AFCA2 /* Frameworks */ = {
			isa = PBXFrameworksBuildPhase;
			buildActionMask = 2147483647;
			files = (
				AC84BB41C594AD5CFB2C81B7 /* Pods_Camera_Project.framework in Frameworks */,
			);
			runOnlyForDeploymentPostprocessing = 0;
		};
		518927412936BD5A007AFCA2 /* Frameworks */ = {
			isa = PBXFrameworksBuildPhase;
			buildActionMask = 2147483647;
			files = (
				4B720F67870C8BEC80F7EA83 /* Pods_Camera_ProjectTests.framework in Frameworks */,
			);
			runOnlyForDeploymentPostprocessing = 0;
		};
		5189274B2936BD5A007AFCA2 /* Frameworks */ = {
			isa = PBXFrameworksBuildPhase;
			buildActionMask = 2147483647;
			files = (
				FFCC45685C361B3762097393 /* Pods_Camera_Project_Camera_ProjectUITests.framework in Frameworks */,
			);
			runOnlyForDeploymentPostprocessing = 0;
		};
/* End PBXFrameworksBuildPhase section */

/* Begin PBXGroup section */
		518927252936BD57007AFCA2 = {
			isa = PBXGroup;
			children = (
				518927302936BD57007AFCA2 /* Camera Project */,
				518927472936BD5A007AFCA2 /* Camera ProjectTests */,
				518927512936BD5A007AFCA2 /* Camera ProjectUITests */,
				5189272F2936BD57007AFCA2 /* Products */,
				55AD3443CF8D5C63B726F00F /* Pods */,
				62E795DFFA3B6E1FFDB6356A /* Frameworks */,
			);
			sourceTree = "<group>";
		};
		5189272F2936BD57007AFCA2 /* Products */ = {
			isa = PBXGroup;
			children = (
				5189272E2936BD57007AFCA2 /* Camera Project.app */,
				518927442936BD5A007AFCA2 /* Camera ProjectTests.xctest */,
				5189274E2936BD5A007AFCA2 /* Camera ProjectUITests.xctest */,
			);
			name = Products;
			sourceTree = "<group>";
		};
		518927302936BD57007AFCA2 /* Camera Project */ = {
			isa = PBXGroup;
			children = (
				518927312936BD57007AFCA2 /* AppDelegate.swift */,
				518927332936BD57007AFCA2 /* SceneDelegate.swift */,
				518927372936BD57007AFCA2 /* Main.storyboard */,
				C742F1C529423AB900D6B32D /* CameraViewController.swift */,
				5169174D29416BC500E0F0E8 /* MainViewController.swift */,
				C789D46629417A8200560AB9 /* Snapshot.swift */,
				5189273A2936BD59007AFCA2 /* Assets.xcassets */,
				5189273C2936BD59007AFCA2 /* LaunchScreen.storyboard */,
				516FEA3029417E7A00EDAE85 /* Info.plist */,
				516FEA402941868800EDAE85 /* ImageCell.swift */,
			);
			path = "Camera Project";
			sourceTree = "<group>";
		};
		518927472936BD5A007AFCA2 /* Camera ProjectTests */ = {
			isa = PBXGroup;
			children = (
				518927482936BD5A007AFCA2 /* Camera_ProjectTests.swift */,
			);
			path = "Camera ProjectTests";
			sourceTree = "<group>";
		};
		518927512936BD5A007AFCA2 /* Camera ProjectUITests */ = {
			isa = PBXGroup;
			children = (
				518927522936BD5A007AFCA2 /* Camera_ProjectUITests.swift */,
				518927542936BD5A007AFCA2 /* Camera_ProjectUITestsLaunchTests.swift */,
			);
			path = "Camera ProjectUITests";
			sourceTree = "<group>";
		};
		55AD3443CF8D5C63B726F00F /* Pods */ = {
			isa = PBXGroup;
			children = (
				29F852ED1AB5603A81DC15A5 /* Pods-Camera Project.debug.xcconfig */,
				48A6D42A51DED7244F21162E /* Pods-Camera Project.release.xcconfig */,
				7250623ECAC46FF29BF31637 /* Pods-Camera Project-Camera ProjectUITests.debug.xcconfig */,
				932467A259EDDFF612FC88B6 /* Pods-Camera Project-Camera ProjectUITests.release.xcconfig */,
				2BB23FCBB3D82921A611186D /* Pods-Camera ProjectTests.debug.xcconfig */,
				8ED2F55EB92D0A64919DF1E3 /* Pods-Camera ProjectTests.release.xcconfig */,
			);
			path = Pods;
			sourceTree = "<group>";
		};
		62E795DFFA3B6E1FFDB6356A /* Frameworks */ = {
			isa = PBXGroup;
			children = (
				24FB9B6AF7ACFC578E93ADE7 /* Pods_Camera_Project.framework */,
				B15550B48D099F1ADDCC93BA /* Pods_Camera_Project_Camera_ProjectUITests.framework */,
				F6865A5988184CD94BDBBEC4 /* Pods_Camera_ProjectTests.framework */,
			);
			name = Frameworks;
			sourceTree = "<group>";
		};
/* End PBXGroup section */

/* Begin PBXNativeTarget section */
		5189272D2936BD57007AFCA2 /* Camera Project */ = {
			isa = PBXNativeTarget;
			buildConfigurationList = 518927582936BD5A007AFCA2 /* Build configuration list for PBXNativeTarget "Camera Project" */;
			buildPhases = (
				A29DC35E4094C884DA73382C /* [CP] Check Pods Manifest.lock */,
				5189272A2936BD57007AFCA2 /* Sources */,
				5189272B2936BD57007AFCA2 /* Frameworks */,
				5189272C2936BD57007AFCA2 /* Resources */,
				FD7AC9084DA235AC4E2C0BA2 /* [CP] Embed Pods Frameworks */,
			);
			buildRules = (
			);
			dependencies = (
			);
			name = "Camera Project";
			productName = "Camera Project";
			productReference = 5189272E2936BD57007AFCA2 /* Camera Project.app */;
			productType = "com.apple.product-type.application";
		};
		518927432936BD5A007AFCA2 /* Camera ProjectTests */ = {
			isa = PBXNativeTarget;
			buildConfigurationList = 5189275B2936BD5A007AFCA2 /* Build configuration list for PBXNativeTarget "Camera ProjectTests" */;
			buildPhases = (
				D22EB7202DF92975B6849DC2 /* [CP] Check Pods Manifest.lock */,
				518927402936BD5A007AFCA2 /* Sources */,
				518927412936BD5A007AFCA2 /* Frameworks */,
				518927422936BD5A007AFCA2 /* Resources */,
			);
			buildRules = (
			);
			dependencies = (
				518927462936BD5A007AFCA2 /* PBXTargetDependency */,
			);
			name = "Camera ProjectTests";
			productName = "Camera ProjectTests";
			productReference = 518927442936BD5A007AFCA2 /* Camera ProjectTests.xctest */;
			productType = "com.apple.product-type.bundle.unit-test";
		};
		5189274D2936BD5A007AFCA2 /* Camera ProjectUITests */ = {
			isa = PBXNativeTarget;
			buildConfigurationList = 5189275E2936BD5A007AFCA2 /* Build configuration list for PBXNativeTarget "Camera ProjectUITests" */;
			buildPhases = (
				5FE965D5B0FBDEB06A3690D1 /* [CP] Check Pods Manifest.lock */,
				5189274A2936BD5A007AFCA2 /* Sources */,
				5189274B2936BD5A007AFCA2 /* Frameworks */,
				5189274C2936BD5A007AFCA2 /* Resources */,
				8794B76A6BE1F656E68FBCEF /* [CP] Embed Pods Frameworks */,
			);
			buildRules = (
			);
			dependencies = (
				518927502936BD5A007AFCA2 /* PBXTargetDependency */,
			);
			name = "Camera ProjectUITests";
			productName = "Camera ProjectUITests";
			productReference = 5189274E2936BD5A007AFCA2 /* Camera ProjectUITests.xctest */;
			productType = "com.apple.product-type.bundle.ui-testing";
		};
/* End PBXNativeTarget section */

/* Begin PBXProject section */
		518927262936BD57007AFCA2 /* Project object */ = {
			isa = PBXProject;
			attributes = {
				BuildIndependentTargetsInParallel = 1;
				KnownAssetTags = (
					New,
				);
				LastSwiftUpdateCheck = 1410;
				LastUpgradeCheck = 1410;
				TargetAttributes = {
					5189272D2936BD57007AFCA2 = {
						CreatedOnToolsVersion = 14.1;
					};
					518927432936BD5A007AFCA2 = {
						CreatedOnToolsVersion = 14.1;
						TestTargetID = 5189272D2936BD57007AFCA2;
					};
					5189274D2936BD5A007AFCA2 = {
						CreatedOnToolsVersion = 14.1;
						TestTargetID = 5189272D2936BD57007AFCA2;
					};
				};
			};
			buildConfigurationList = 518927292936BD57007AFCA2 /* Build configuration list for PBXProject "Camera Project" */;
			compatibilityVersion = "Xcode 14.0";
			developmentRegion = en;
			hasScannedForEncodings = 0;
			knownRegions = (
				en,
				Base,
			);
			mainGroup = 518927252936BD57007AFCA2;
			packageReferences = (
				C77A0BBD294163CF00DBC0F3 /* XCRemoteSwiftPackageReference "firebase-ios-sdk" */,
			);
			productRefGroup = 5189272F2936BD57007AFCA2 /* Products */;
			projectDirPath = "";
			projectRoot = "";
			targets = (
				5189272D2936BD57007AFCA2 /* Camera Project */,
				518927432936BD5A007AFCA2 /* Camera ProjectTests */,
				5189274D2936BD5A007AFCA2 /* Camera ProjectUITests */,
			);
		};
/* End PBXProject section */

/* Begin PBXResourcesBuildPhase section */
		5189272C2936BD57007AFCA2 /* Resources */ = {
			isa = PBXResourcesBuildPhase;
			buildActionMask = 2147483647;
			files = (
				5189273E2936BD59007AFCA2 /* LaunchScreen.storyboard in Resources */,
				5189273B2936BD59007AFCA2 /* Assets.xcassets in Resources */,
				518927392936BD57007AFCA2 /* Main.storyboard in Resources */,
			);
			runOnlyForDeploymentPostprocessing = 0;
		};
		518927422936BD5A007AFCA2 /* Resources */ = {
			isa = PBXResourcesBuildPhase;
			buildActionMask = 2147483647;
			files = (
			);
			runOnlyForDeploymentPostprocessing = 0;
		};
		5189274C2936BD5A007AFCA2 /* Resources */ = {
			isa = PBXResourcesBuildPhase;
			buildActionMask = 2147483647;
			files = (
			);
			runOnlyForDeploymentPostprocessing = 0;
		};
/* End PBXResourcesBuildPhase section */

/* Begin PBXShellScriptBuildPhase section */
		5FE965D5B0FBDEB06A3690D1 /* [CP] Check Pods Manifest.lock */ = {
			isa = PBXShellScriptBuildPhase;
			buildActionMask = 2147483647;
			files = (
			);
			inputFileListPaths = (
			);
			inputPaths = (
				"${PODS_PODFILE_DIR_PATH}/Podfile.lock",
				"${PODS_ROOT}/Manifest.lock",
			);
			name = "[CP] Check Pods Manifest.lock";
			outputFileListPaths = (
			);
			outputPaths = (
				"$(DERIVED_FILE_DIR)/Pods-Camera Project-Camera ProjectUITests-checkManifestLockResult.txt",
			);
			runOnlyForDeploymentPostprocessing = 0;
			shellPath = /bin/sh;
			shellScript = "diff \"${PODS_PODFILE_DIR_PATH}/Podfile.lock\" \"${PODS_ROOT}/Manifest.lock\" > /dev/null\nif [ $? != 0 ] ; then\n    # print error to STDERR\n    echo \"error: The sandbox is not in sync with the Podfile.lock. Run 'pod install' or update your CocoaPods installation.\" >&2\n    exit 1\nfi\n# This output is used by Xcode 'outputs' to avoid re-running this script phase.\necho \"SUCCESS\" > \"${SCRIPT_OUTPUT_FILE_0}\"\n";
			showEnvVarsInLog = 0;
		};
		8794B76A6BE1F656E68FBCEF /* [CP] Embed Pods Frameworks */ = {
			isa = PBXShellScriptBuildPhase;
			buildActionMask = 2147483647;
			files = (
			);
			inputFileListPaths = (
				"${PODS_ROOT}/Target Support Files/Pods-Camera Project-Camera ProjectUITests/Pods-Camera Project-Camera ProjectUITests-frameworks-${CONFIGURATION}-input-files.xcfilelist",
			);
			name = "[CP] Embed Pods Frameworks";
			outputFileListPaths = (
				"${PODS_ROOT}/Target Support Files/Pods-Camera Project-Camera ProjectUITests/Pods-Camera Project-Camera ProjectUITests-frameworks-${CONFIGURATION}-output-files.xcfilelist",
			);
			runOnlyForDeploymentPostprocessing = 0;
			shellPath = /bin/sh;
			shellScript = "\"${PODS_ROOT}/Target Support Files/Pods-Camera Project-Camera ProjectUITests/Pods-Camera Project-Camera ProjectUITests-frameworks.sh\"\n";
			showEnvVarsInLog = 0;
		};
		A29DC35E4094C884DA73382C /* [CP] Check Pods Manifest.lock */ = {
			isa = PBXShellScriptBuildPhase;
			buildActionMask = 2147483647;
			files = (
			);
			inputFileListPaths = (
			);
			inputPaths = (
				"${PODS_PODFILE_DIR_PATH}/Podfile.lock",
				"${PODS_ROOT}/Manifest.lock",
			);
			name = "[CP] Check Pods Manifest.lock";
			outputFileListPaths = (
			);
			outputPaths = (
				"$(DERIVED_FILE_DIR)/Pods-Camera Project-checkManifestLockResult.txt",
			);
			runOnlyForDeploymentPostprocessing = 0;
			shellPath = /bin/sh;
			shellScript = "diff \"${PODS_PODFILE_DIR_PATH}/Podfile.lock\" \"${PODS_ROOT}/Manifest.lock\" > /dev/null\nif [ $? != 0 ] ; then\n    # print error to STDERR\n    echo \"error: The sandbox is not in sync with the Podfile.lock. Run 'pod install' or update your CocoaPods installation.\" >&2\n    exit 1\nfi\n# This output is used by Xcode 'outputs' to avoid re-running this script phase.\necho \"SUCCESS\" > \"${SCRIPT_OUTPUT_FILE_0}\"\n";
			showEnvVarsInLog = 0;
		};
		D22EB7202DF92975B6849DC2 /* [CP] Check Pods Manifest.lock */ = {
			isa = PBXShellScriptBuildPhase;
			buildActionMask = 2147483647;
			files = (
			);
			inputFileListPaths = (
			);
			inputPaths = (
				"${PODS_PODFILE_DIR_PATH}/Podfile.lock",
				"${PODS_ROOT}/Manifest.lock",
			);
			name = "[CP] Check Pods Manifest.lock";
			outputFileListPaths = (
			);
			outputPaths = (
				"$(DERIVED_FILE_DIR)/Pods-Camera ProjectTests-checkManifestLockResult.txt",
			);
			runOnlyForDeploymentPostprocessing = 0;
			shellPath = /bin/sh;
			shellScript = "diff \"${PODS_PODFILE_DIR_PATH}/Podfile.lock\" \"${PODS_ROOT}/Manifest.lock\" > /dev/null\nif [ $? != 0 ] ; then\n    # print error to STDERR\n    echo \"error: The sandbox is not in sync with the Podfile.lock. Run 'pod install' or update your CocoaPods installation.\" >&2\n    exit 1\nfi\n# This output is used by Xcode 'outputs' to avoid re-running this script phase.\necho \"SUCCESS\" > \"${SCRIPT_OUTPUT_FILE_0}\"\n";
			showEnvVarsInLog = 0;
		};
		FD7AC9084DA235AC4E2C0BA2 /* [CP] Embed Pods Frameworks */ = {
			isa = PBXShellScriptBuildPhase;
			buildActionMask = 2147483647;
			files = (
			);
			inputFileListPaths = (
				"${PODS_ROOT}/Target Support Files/Pods-Camera Project/Pods-Camera Project-frameworks-${CONFIGURATION}-input-files.xcfilelist",
			);
			name = "[CP] Embed Pods Frameworks";
			outputFileListPaths = (
				"${PODS_ROOT}/Target Support Files/Pods-Camera Project/Pods-Camera Project-frameworks-${CONFIGURATION}-output-files.xcfilelist",
			);
			runOnlyForDeploymentPostprocessing = 0;
			shellPath = /bin/sh;
			shellScript = "\"${PODS_ROOT}/Target Support Files/Pods-Camera Project/Pods-Camera Project-frameworks.sh\"\n";
			showEnvVarsInLog = 0;
		};
/* End PBXShellScriptBuildPhase section */

/* Begin PBXSourcesBuildPhase section */
		5189272A2936BD57007AFCA2 /* Sources */ = {
			isa = PBXSourcesBuildPhase;
			buildActionMask = 2147483647;
			files = (
				5169174E29416BC500E0F0E8 /* MainViewController.swift in Sources */,
				C789D46729417A8200560AB9 /* Snapshot.swift in Sources */,
				518927322936BD57007AFCA2 /* AppDelegate.swift in Sources */,
				516FEA412941868800EDAE85 /* ImageCell.swift in Sources */,
				518927342936BD57007AFCA2 /* SceneDelegate.swift in Sources */,
				C742F1C629423AB900D6B32D /* CameraViewController.swift in Sources */,
			);
			runOnlyForDeploymentPostprocessing = 0;
		};
		518927402936BD5A007AFCA2 /* Sources */ = {
			isa = PBXSourcesBuildPhase;
			buildActionMask = 2147483647;
			files = (
				518927492936BD5A007AFCA2 /* Camera_ProjectTests.swift in Sources */,
			);
			runOnlyForDeploymentPostprocessing = 0;
		};
		5189274A2936BD5A007AFCA2 /* Sources */ = {
			isa = PBXSourcesBuildPhase;
			buildActionMask = 2147483647;
			files = (
				518927532936BD5A007AFCA2 /* Camera_ProjectUITests.swift in Sources */,
				518927552936BD5A007AFCA2 /* Camera_ProjectUITestsLaunchTests.swift in Sources */,
			);
			runOnlyForDeploymentPostprocessing = 0;
		};
/* End PBXSourcesBuildPhase section */

/* Begin PBXTargetDependency section */
		518927462936BD5A007AFCA2 /* PBXTargetDependency */ = {
			isa = PBXTargetDependency;
			target = 5189272D2936BD57007AFCA2 /* Camera Project */;
			targetProxy = 518927452936BD5A007AFCA2 /* PBXContainerItemProxy */;
		};
		518927502936BD5A007AFCA2 /* PBXTargetDependency */ = {
			isa = PBXTargetDependency;
			target = 5189272D2936BD57007AFCA2 /* Camera Project */;
			targetProxy = 5189274F2936BD5A007AFCA2 /* PBXContainerItemProxy */;
		};
/* End PBXTargetDependency section */

/* Begin PBXVariantGroup section */
		518927372936BD57007AFCA2 /* Main.storyboard */ = {
			isa = PBXVariantGroup;
			children = (
				518927382936BD57007AFCA2 /* Base */,
			);
			name = Main.storyboard;
			sourceTree = "<group>";
		};
		5189273C2936BD59007AFCA2 /* LaunchScreen.storyboard */ = {
			isa = PBXVariantGroup;
			children = (
				5189273D2936BD59007AFCA2 /* Base */,
			);
			name = LaunchScreen.storyboard;
			sourceTree = "<group>";
		};
/* End PBXVariantGroup section */

/* Begin XCBuildConfiguration section */
		518927562936BD5A007AFCA2 /* Debug */ = {
			isa = XCBuildConfiguration;
			buildSettings = {
				ALWAYS_SEARCH_USER_PATHS = NO;
				CLANG_ANALYZER_NONNULL = YES;
				CLANG_ANALYZER_NUMBER_OBJECT_CONVERSION = YES_AGGRESSIVE;
				CLANG_CXX_LANGUAGE_STANDARD = "gnu++20";
				CLANG_ENABLE_MODULES = YES;
				CLANG_ENABLE_OBJC_ARC = YES;
				CLANG_ENABLE_OBJC_WEAK = YES;
				CLANG_WARN_BLOCK_CAPTURE_AUTORELEASING = YES;
				CLANG_WARN_BOOL_CONVERSION = YES;
				CLANG_WARN_COMMA = YES;
				CLANG_WARN_CONSTANT_CONVERSION = YES;
				CLANG_WARN_DEPRECATED_OBJC_IMPLEMENTATIONS = YES;
				CLANG_WARN_DIRECT_OBJC_ISA_USAGE = YES_ERROR;
				CLANG_WARN_DOCUMENTATION_COMMENTS = YES;
				CLANG_WARN_EMPTY_BODY = YES;
				CLANG_WARN_ENUM_CONVERSION = YES;
				CLANG_WARN_INFINITE_RECURSION = YES;
				CLANG_WARN_INT_CONVERSION = YES;
				CLANG_WARN_NON_LITERAL_NULL_CONVERSION = YES;
				CLANG_WARN_OBJC_IMPLICIT_RETAIN_SELF = YES;
				CLANG_WARN_OBJC_LITERAL_CONVERSION = YES;
				CLANG_WARN_OBJC_ROOT_CLASS = YES_ERROR;
				CLANG_WARN_QUOTED_INCLUDE_IN_FRAMEWORK_HEADER = YES;
				CLANG_WARN_RANGE_LOOP_ANALYSIS = YES;
				CLANG_WARN_STRICT_PROTOTYPES = YES;
				CLANG_WARN_SUSPICIOUS_MOVE = YES;
				CLANG_WARN_UNGUARDED_AVAILABILITY = YES_AGGRESSIVE;
				CLANG_WARN_UNREACHABLE_CODE = YES;
				CLANG_WARN__DUPLICATE_METHOD_MATCH = YES;
				COPY_PHASE_STRIP = NO;
				DEBUG_INFORMATION_FORMAT = dwarf;
				ENABLE_STRICT_OBJC_MSGSEND = YES;
				ENABLE_TESTABILITY = YES;
				GCC_C_LANGUAGE_STANDARD = gnu11;
				GCC_DYNAMIC_NO_PIC = NO;
				GCC_NO_COMMON_BLOCKS = YES;
				GCC_OPTIMIZATION_LEVEL = 0;
				GCC_PREPROCESSOR_DEFINITIONS = (
					"DEBUG=1",
					"$(inherited)",
				);
				GCC_WARN_64_TO_32_BIT_CONVERSION = YES;
				GCC_WARN_ABOUT_RETURN_TYPE = YES_ERROR;
				GCC_WARN_UNDECLARED_SELECTOR = YES;
				GCC_WARN_UNINITIALIZED_AUTOS = YES_AGGRESSIVE;
				GCC_WARN_UNUSED_FUNCTION = YES;
				GCC_WARN_UNUSED_VARIABLE = YES;
				IPHONEOS_DEPLOYMENT_TARGET = 16.1;
				MTL_ENABLE_DEBUG_INFO = INCLUDE_SOURCE;
				MTL_FAST_MATH = YES;
				ONLY_ACTIVE_ARCH = YES;
				SDKROOT = iphoneos;
				SWIFT_ACTIVE_COMPILATION_CONDITIONS = DEBUG;
				SWIFT_OPTIMIZATION_LEVEL = "-Onone";
			};
			name = Debug;
		};
		518927572936BD5A007AFCA2 /* Release */ = {
			isa = XCBuildConfiguration;
			buildSettings = {
				ALWAYS_SEARCH_USER_PATHS = NO;
				CLANG_ANALYZER_NONNULL = YES;
				CLANG_ANALYZER_NUMBER_OBJECT_CONVERSION = YES_AGGRESSIVE;
				CLANG_CXX_LANGUAGE_STANDARD = "gnu++20";
				CLANG_ENABLE_MODULES = YES;
				CLANG_ENABLE_OBJC_ARC = YES;
				CLANG_ENABLE_OBJC_WEAK = YES;
				CLANG_WARN_BLOCK_CAPTURE_AUTORELEASING = YES;
				CLANG_WARN_BOOL_CONVERSION = YES;
				CLANG_WARN_COMMA = YES;
				CLANG_WARN_CONSTANT_CONVERSION = YES;
				CLANG_WARN_DEPRECATED_OBJC_IMPLEMENTATIONS = YES;
				CLANG_WARN_DIRECT_OBJC_ISA_USAGE = YES_ERROR;
				CLANG_WARN_DOCUMENTATION_COMMENTS = YES;
				CLANG_WARN_EMPTY_BODY = YES;
				CLANG_WARN_ENUM_CONVERSION = YES;
				CLANG_WARN_INFINITE_RECURSION = YES;
				CLANG_WARN_INT_CONVERSION = YES;
				CLANG_WARN_NON_LITERAL_NULL_CONVERSION = YES;
				CLANG_WARN_OBJC_IMPLICIT_RETAIN_SELF = YES;
				CLANG_WARN_OBJC_LITERAL_CONVERSION = YES;
				CLANG_WARN_OBJC_ROOT_CLASS = YES_ERROR;
				CLANG_WARN_QUOTED_INCLUDE_IN_FRAMEWORK_HEADER = YES;
				CLANG_WARN_RANGE_LOOP_ANALYSIS = YES;
				CLANG_WARN_STRICT_PROTOTYPES = YES;
				CLANG_WARN_SUSPICIOUS_MOVE = YES;
				CLANG_WARN_UNGUARDED_AVAILABILITY = YES_AGGRESSIVE;
				CLANG_WARN_UNREACHABLE_CODE = YES;
				CLANG_WARN__DUPLICATE_METHOD_MATCH = YES;
				COPY_PHASE_STRIP = NO;
				DEBUG_INFORMATION_FORMAT = "dwarf-with-dsym";
				ENABLE_NS_ASSERTIONS = NO;
				ENABLE_STRICT_OBJC_MSGSEND = YES;
				GCC_C_LANGUAGE_STANDARD = gnu11;
				GCC_NO_COMMON_BLOCKS = YES;
				GCC_WARN_64_TO_32_BIT_CONVERSION = YES;
				GCC_WARN_ABOUT_RETURN_TYPE = YES_ERROR;
				GCC_WARN_UNDECLARED_SELECTOR = YES;
				GCC_WARN_UNINITIALIZED_AUTOS = YES_AGGRESSIVE;
				GCC_WARN_UNUSED_FUNCTION = YES;
				GCC_WARN_UNUSED_VARIABLE = YES;
				IPHONEOS_DEPLOYMENT_TARGET = 16.1;
				MTL_ENABLE_DEBUG_INFO = NO;
				MTL_FAST_MATH = YES;
				SDKROOT = iphoneos;
				SWIFT_COMPILATION_MODE = wholemodule;
				SWIFT_OPTIMIZATION_LEVEL = "-O";
				VALIDATE_PRODUCT = YES;
			};
			name = Release;
		};
		518927592936BD5A007AFCA2 /* Debug */ = {
			isa = XCBuildConfiguration;
			baseConfigurationReference = 29F852ED1AB5603A81DC15A5 /* Pods-Camera Project.debug.xcconfig */;
			buildSettings = {
				ASSETCATALOG_COMPILER_APPICON_NAME = AppIcon;
				ASSETCATALOG_COMPILER_GLOBAL_ACCENT_COLOR_NAME = AccentColor;
				CODE_SIGN_STYLE = Automatic;
				CURRENT_PROJECT_VERSION = 1;
				DEVELOPMENT_TEAM = XCJA3H36MG;
				GENERATE_INFOPLIST_FILE = YES;
				INFOPLIST_FILE = "Camera Project/Info.plist";
				INFOPLIST_KEY_UIApplicationSupportsIndirectInputEvents = YES;
				INFOPLIST_KEY_UILaunchStoryboardName = LaunchScreen;
				INFOPLIST_KEY_UIMainStoryboardFile = Main;
				INFOPLIST_KEY_UISupportedInterfaceOrientations_iPad = "UIInterfaceOrientationPortrait UIInterfaceOrientationPortraitUpsideDown UIInterfaceOrientationLandscapeLeft UIInterfaceOrientationLandscapeRight";
				INFOPLIST_KEY_UISupportedInterfaceOrientations_iPhone = "UIInterfaceOrientationPortrait UIInterfaceOrientationLandscapeLeft UIInterfaceOrientationLandscapeRight";
				IPHONEOS_DEPLOYMENT_TARGET = 16.0;
				LD_RUNPATH_SEARCH_PATHS = (
					"$(inherited)",
					"@executable_path/Frameworks",
				);
				MARKETING_VERSION = 1.0;
				PRODUCT_BUNDLE_IDENTIFIER = "com.jackDarnell.Camera-Project";
				PRODUCT_NAME = "$(TARGET_NAME)";
				SWIFT_EMIT_LOC_STRINGS = YES;
				SWIFT_VERSION = 5.0;
				TARGETED_DEVICE_FAMILY = "1,2";
			};
			name = Debug;
		};
		5189275A2936BD5A007AFCA2 /* Release */ = {
			isa = XCBuildConfiguration;
			baseConfigurationReference = 48A6D42A51DED7244F21162E /* Pods-Camera Project.release.xcconfig */;
			buildSettings = {
				ASSETCATALOG_COMPILER_APPICON_NAME = AppIcon;
				ASSETCATALOG_COMPILER_GLOBAL_ACCENT_COLOR_NAME = AccentColor;
				CODE_SIGN_STYLE = Automatic;
				CURRENT_PROJECT_VERSION = 1;
				DEVELOPMENT_TEAM = XCJA3H36MG;
				GENERATE_INFOPLIST_FILE = YES;
				INFOPLIST_FILE = "Camera Project/Info.plist";
				INFOPLIST_KEY_UIApplicationSupportsIndirectInputEvents = YES;
				INFOPLIST_KEY_UILaunchStoryboardName = LaunchScreen;
				INFOPLIST_KEY_UIMainStoryboardFile = Main;
				INFOPLIST_KEY_UISupportedInterfaceOrientations_iPad = "UIInterfaceOrientationPortrait UIInterfaceOrientationPortraitUpsideDown UIInterfaceOrientationLandscapeLeft UIInterfaceOrientationLandscapeRight";
				INFOPLIST_KEY_UISupportedInterfaceOrientations_iPhone = "UIInterfaceOrientationPortrait UIInterfaceOrientationLandscapeLeft UIInterfaceOrientationLandscapeRight";
				IPHONEOS_DEPLOYMENT_TARGET = 16.0;
				LD_RUNPATH_SEARCH_PATHS = (
					"$(inherited)",
					"@executable_path/Frameworks",
				);
				MARKETING_VERSION = 1.0;
				PRODUCT_BUNDLE_IDENTIFIER = "com.jackDarnell.Camera-Project";
				PRODUCT_NAME = "$(TARGET_NAME)";
				SWIFT_EMIT_LOC_STRINGS = YES;
				SWIFT_VERSION = 5.0;
				TARGETED_DEVICE_FAMILY = "1,2";
			};
			name = Release;
		};
		5189275C2936BD5A007AFCA2 /* Debug */ = {
			isa = XCBuildConfiguration;
			baseConfigurationReference = 2BB23FCBB3D82921A611186D /* Pods-Camera ProjectTests.debug.xcconfig */;
			buildSettings = {
				ALWAYS_EMBED_SWIFT_STANDARD_LIBRARIES = YES;
				BUNDLE_LOADER = "$(TEST_HOST)";
				CODE_SIGN_STYLE = Automatic;
				CURRENT_PROJECT_VERSION = 1;
				DEVELOPMENT_TEAM = Y3FG22HM56;
				GENERATE_INFOPLIST_FILE = YES;
				IPHONEOS_DEPLOYMENT_TARGET = 16.1;
				MARKETING_VERSION = 1.0;
				PRODUCT_BUNDLE_IDENTIFIER = "com.jackDarnell.Camera-ProjectTests";
				PRODUCT_NAME = "$(TARGET_NAME)";
				SWIFT_EMIT_LOC_STRINGS = NO;
				SWIFT_VERSION = 5.0;
				TARGETED_DEVICE_FAMILY = "1,2";
				TEST_HOST = "$(BUILT_PRODUCTS_DIR)/Camera Project.app/$(BUNDLE_EXECUTABLE_FOLDER_PATH)/Camera Project";
			};
			name = Debug;
		};
		5189275D2936BD5A007AFCA2 /* Release */ = {
			isa = XCBuildConfiguration;
			baseConfigurationReference = 8ED2F55EB92D0A64919DF1E3 /* Pods-Camera ProjectTests.release.xcconfig */;
			buildSettings = {
				ALWAYS_EMBED_SWIFT_STANDARD_LIBRARIES = YES;
				BUNDLE_LOADER = "$(TEST_HOST)";
				CODE_SIGN_STYLE = Automatic;
				CURRENT_PROJECT_VERSION = 1;
				DEVELOPMENT_TEAM = Y3FG22HM56;
				GENERATE_INFOPLIST_FILE = YES;
				IPHONEOS_DEPLOYMENT_TARGET = 16.1;
				MARKETING_VERSION = 1.0;
				PRODUCT_BUNDLE_IDENTIFIER = "com.jackDarnell.Camera-ProjectTests";
				PRODUCT_NAME = "$(TARGET_NAME)";
				SWIFT_EMIT_LOC_STRINGS = NO;
				SWIFT_VERSION = 5.0;
				TARGETED_DEVICE_FAMILY = "1,2";
				TEST_HOST = "$(BUILT_PRODUCTS_DIR)/Camera Project.app/$(BUNDLE_EXECUTABLE_FOLDER_PATH)/Camera Project";
			};
			name = Release;
		};
		5189275F2936BD5A007AFCA2 /* Debug */ = {
			isa = XCBuildConfiguration;
			baseConfigurationReference = 7250623ECAC46FF29BF31637 /* Pods-Camera Project-Camera ProjectUITests.debug.xcconfig */;
			buildSettings = {
				ALWAYS_EMBED_SWIFT_STANDARD_LIBRARIES = YES;
				CODE_SIGN_STYLE = Automatic;
				CURRENT_PROJECT_VERSION = 1;
				DEVELOPMENT_TEAM = Y3FG22HM56;
				GENERATE_INFOPLIST_FILE = YES;
				MARKETING_VERSION = 1.0;
				PRODUCT_BUNDLE_IDENTIFIER = "com.jackDarnell.Camera-ProjectUITests";
				PRODUCT_NAME = "$(TARGET_NAME)";
				SWIFT_EMIT_LOC_STRINGS = NO;
				SWIFT_VERSION = 5.0;
				TARGETED_DEVICE_FAMILY = "1,2";
				TEST_TARGET_NAME = "Camera Project";
			};
			name = Debug;
		};
		518927602936BD5A007AFCA2 /* Release */ = {
			isa = XCBuildConfiguration;
			baseConfigurationReference = 932467A259EDDFF612FC88B6 /* Pods-Camera Project-Camera ProjectUITests.release.xcconfig */;
			buildSettings = {
				ALWAYS_EMBED_SWIFT_STANDARD_LIBRARIES = YES;
				CODE_SIGN_STYLE = Automatic;
				CURRENT_PROJECT_VERSION = 1;
				DEVELOPMENT_TEAM = Y3FG22HM56;
				GENERATE_INFOPLIST_FILE = YES;
				MARKETING_VERSION = 1.0;
				PRODUCT_BUNDLE_IDENTIFIER = "com.jackDarnell.Camera-ProjectUITests";
				PRODUCT_NAME = "$(TARGET_NAME)";
				SWIFT_EMIT_LOC_STRINGS = NO;
				SWIFT_VERSION = 5.0;
				TARGETED_DEVICE_FAMILY = "1,2";
				TEST_TARGET_NAME = "Camera Project";
			};
			name = Release;
		};
/* End XCBuildConfiguration section */

/* Begin XCConfigurationList section */
		518927292936BD57007AFCA2 /* Build configuration list for PBXProject "Camera Project" */ = {
			isa = XCConfigurationList;
			buildConfigurations = (
				518927562936BD5A007AFCA2 /* Debug */,
				518927572936BD5A007AFCA2 /* Release */,
			);
			defaultConfigurationIsVisible = 0;
			defaultConfigurationName = Release;
		};
		518927582936BD5A007AFCA2 /* Build configuration list for PBXNativeTarget "Camera Project" */ = {
			isa = XCConfigurationList;
			buildConfigurations = (
				518927592936BD5A007AFCA2 /* Debug */,
				5189275A2936BD5A007AFCA2 /* Release */,
			);
			defaultConfigurationIsVisible = 0;
			defaultConfigurationName = Release;
		};
		5189275B2936BD5A007AFCA2 /* Build configuration list for PBXNativeTarget "Camera ProjectTests" */ = {
			isa = XCConfigurationList;
			buildConfigurations = (
				5189275C2936BD5A007AFCA2 /* Debug */,
				5189275D2936BD5A007AFCA2 /* Release */,
			);
			defaultConfigurationIsVisible = 0;
			defaultConfigurationName = Release;
		};
		5189275E2936BD5A007AFCA2 /* Build configuration list for PBXNativeTarget "Camera ProjectUITests" */ = {
			isa = XCConfigurationList;
			buildConfigurations = (
				5189275F2936BD5A007AFCA2 /* Debug */,
				518927602936BD5A007AFCA2 /* Release */,
			);
			defaultConfigurationIsVisible = 0;
			defaultConfigurationName = Release;
		};
/* End XCConfigurationList section */

/* Begin XCRemoteSwiftPackageReference section */
		C77A0BBD294163CF00DBC0F3 /* XCRemoteSwiftPackageReference "firebase-ios-sdk" */ = {
			isa = XCRemoteSwiftPackageReference;
			repositoryURL = "https://github.com/firebase/firebase-ios-sdk";
			requirement = {
				branch = master;
				kind = branch;
			};
		};
/* End XCRemoteSwiftPackageReference section */
	};
	rootObject = 518927262936BD57007AFCA2 /* Project object */;
}
